
Microsoft Visual Studio Solution File, Format Version 12.00
# Visual Studio Version 16
VisualStudioVersion = 16.0.30413.136
MinimumVisualStudioVersion = 10.0.40219.1
Project("{FAE04EC0-301F-11D3-BF4B-00C04F79EFBC}") = "FFXIV_ACT_Helper_Plugin", "FFXIV_ACT_Helper_Plugin\FFXIV_ACT_Helper_Plugin.csproj", "{5557DE30-8896-471E-95F0-460ACF31E1B2}"
EndProject
Global
	GlobalSection(SolutionConfigurationPlatforms) = preSolution
		Debug|Any CPU = Debug|Any CPU
		Release|Any CPU = Release|Any CPU
	EndGlobalSection
	GlobalSection(ProjectConfigurationPlatforms) = postSolution
		{5557DE30-8896-471E-95F0-460ACF31E1B2}.Debug|Any CPU.ActiveCfg = Debug|Any CPU
		{5557DE30-8896-471E-95F0-460ACF31E1B2}.Debug|Any CPU.Build.0 = Debug|Any CPU
		{5557DE30-8896-471E-95F0-460ACF31E1B2}.Release|Any CPU.ActiveCfg = Release|Any CPU
		{5557DE30-8896-471E-95F0-460ACF31E1B2}.Release|Any CPU.Build.0 = Release|Any CPU
	EndGlobalSection
	GlobalSection(SolutionProperties) = preSolution
		HideSolutionNode = FALSE
	EndGlobalSection
	GlobalSection(ExtensibilityGlobals) = postSolution
		SolutionGuid = {A39FE17D-6D59-4873-9C4F-A508BC76838E}
	EndGlobalSection
EndGlobal
